
Microsoft Visual Studio Solution File, Format Version 12.00
# Visual Studio Version 17
VisualStudioVersion = 17.8.34511.84
MinimumVisualStudioVersion = 10.0.40219.1
Project("{FAE04EC0-301F-11D3-BF4B-00C04F79EFBC}") = "ScreenSound-POO", "ScreenSound-POO\ScreenSound-POO.csproj", "{DAA09945-3EEE-4D13-B36A-2E6997430647}"
EndProject
Global
	GlobalSection(SolutionConfigurationPlatforms) = preSolution
		Debug|Any CPU = Debug|Any CPU
		Release|Any CPU = Release|Any CPU
	EndGlobalSection
	GlobalSection(ProjectConfigurationPlatforms) = postSolution
		{DAA09945-3EEE-4D13-B36A-2E6997430647}.Debug|Any CPU.ActiveCfg = Debug|Any CPU
		{DAA09945-3EEE-4D13-B36A-2E6997430647}.Debug|Any CPU.Build.0 = Debug|Any CPU
		{DAA09945-3EEE-4D13-B36A-2E6997430647}.Release|Any CPU.ActiveCfg = Release|Any CPU
		{DAA09945-3EEE-4D13-B36A-2E6997430647}.Release|Any CPU.Build.0 = Release|Any CPU
	EndGlobalSection
	GlobalSection(SolutionProperties) = preSolution
		HideSolutionNode = FALSE
	EndGlobalSection
	GlobalSection(ExtensibilityGlobals) = postSolution
		SolutionGuid = {F94418C6-2AD1-4B6F-9392-0C478C864B48}
	EndGlobalSection
EndGlobal
